
Microsoft Visual Studio Solution File, Format Version 12.00
# Visual Studio Version 17
VisualStudioVersion = 17.0.31903.59
MinimumVisualStudioVersion = 10.0.40219.1
Project("{9A19103F-16F7-4668-BE54-9A1E7A4F7556}") = "Api", "Api\Api.csproj", "{AF0D3001-567E-498C-9749-07C01FEF2BB5}"
EndProject
Project("{9A19103F-16F7-4668-BE54-9A1E7A4F7556}") = "Application", "Application\Application.csproj", "{B9FCD5AF-48C8-4D60-9375-EEDB26558B80}"
EndProject
Project("{9A19103F-16F7-4668-BE54-9A1E7A4F7556}") = "Domain", "Domain\Domain.csproj", "{8A5E2CD0-9007-4E65-9652-31F2EE5F31FA}"
EndProject
Project("{9A19103F-16F7-4668-BE54-9A1E7A4F7556}") = "Infrastructure", "Infrastructure\Infrastructure.csproj", "{C92C287F-8A32-484D-ABDF-7FF7B9F19AD4}"
EndProject
Project("{FAE04EC0-301F-11D3-BF4B-00C04F79EFBC}") = "Tests", "Tests\Tests.csproj", "{9364FC04-1195-4E5F-944C-6F0122C4AE2A}"
EndProject
Global
	GlobalSection(SolutionConfigurationPlatforms) = preSolution
		Debug|Any CPU = Debug|Any CPU
		Release|Any CPU = Release|Any CPU
	EndGlobalSection
	GlobalSection(SolutionProperties) = preSolution
		HideSolutionNode = FALSE
	EndGlobalSection
	GlobalSection(ProjectConfigurationPlatforms) = postSolution
		{AF0D3001-567E-498C-9749-07C01FEF2BB5}.Debug|Any CPU.ActiveCfg = Debug|Any CPU
		{AF0D3001-567E-498C-9749-07C01FEF2BB5}.Debug|Any CPU.Build.0 = Debug|Any CPU
		{AF0D3001-567E-498C-9749-07C01FEF2BB5}.Release|Any CPU.ActiveCfg = Release|Any CPU
		{AF0D3001-567E-498C-9749-07C01FEF2BB5}.Release|Any CPU.Build.0 = Release|Any CPU
		{B9FCD5AF-48C8-4D60-9375-EEDB26558B80}.Debug|Any CPU.ActiveCfg = Debug|Any CPU
		{B9FCD5AF-48C8-4D60-9375-EEDB26558B80}.Debug|Any CPU.Build.0 = Debug|Any CPU
		{B9FCD5AF-48C8-4D60-9375-EEDB26558B80}.Release|Any CPU.ActiveCfg = Release|Any CPU
		{B9FCD5AF-48C8-4D60-9375-EEDB26558B80}.Release|Any CPU.Build.0 = Release|Any CPU
		{8A5E2CD0-9007-4E65-9652-31F2EE5F31FA}.Debug|Any CPU.ActiveCfg = Debug|Any CPU
		{8A5E2CD0-9007-4E65-9652-31F2EE5F31FA}.Debug|Any CPU.Build.0 = Debug|Any CPU
		{8A5E2CD0-9007-4E65-9652-31F2EE5F31FA}.Release|Any CPU.ActiveCfg = Release|Any CPU
		{8A5E2CD0-9007-4E65-9652-31F2EE5F31FA}.Release|Any CPU.Build.0 = Release|Any CPU
		{C92C287F-8A32-484D-ABDF-7FF7B9F19AD4}.Debug|Any CPU.ActiveCfg = Debug|Any CPU
		{C92C287F-8A32-484D-ABDF-7FF7B9F19AD4}.Debug|Any CPU.Build.0 = Debug|Any CPU
		{C92C287F-8A32-484D-ABDF-7FF7B9F19AD4}.Release|Any CPU.ActiveCfg = Release|Any CPU
		{C92C287F-8A32-484D-ABDF-7FF7B9F19AD4}.Release|Any CPU.Build.0 = Release|Any CPU
		{9364FC04-1195-4E5F-944C-6F0122C4AE2A}.Debug|Any CPU.ActiveCfg = Debug|Any CPU
		{9364FC04-1195-4E5F-944C-6F0122C4AE2A}.Debug|Any CPU.Build.0 = Debug|Any CPU
		{9364FC04-1195-4E5F-944C-6F0122C4AE2A}.Release|Any CPU.ActiveCfg = Release|Any CPU
		{9364FC04-1195-4E5F-944C-6F0122C4AE2A}.Release|Any CPU.Build.0 = Release|Any CPU
	EndGlobalSection
EndGlobal
